
Microsoft Visual Studio Solution File, Format Version 12.00
# Visual Studio 15
VisualStudioVersion = 15.0.28010.2050
MinimumVisualStudioVersion = 10.0.40219.1
Project("{9A19103F-16F7-4668-BE54-9A1E7A4F7556}") = "Infer.Net", "Infer.Net\Infer.Net.csproj", "{036D805A-651A-4970-9E87-9C7614EFE67D}"
EndProject
Project("{F2A71F9B-5D33-465A-A702-920D77279786}") = "Visualisation", "Visualisation\Visualisation.fsproj", "{226F5B4F-E7C8-471C-9F79-AB398D8490A6}"
EndProject
Global
	GlobalSection(SolutionConfigurationPlatforms) = preSolution
		Debug|Any CPU = Debug|Any CPU
		Release|Any CPU = Release|Any CPU
	EndGlobalSection
	GlobalSection(ProjectConfigurationPlatforms) = postSolution
		{036D805A-651A-4970-9E87-9C7614EFE67D}.Debug|Any CPU.ActiveCfg = Debug|Any CPU
		{036D805A-651A-4970-9E87-9C7614EFE67D}.Debug|Any CPU.Build.0 = Debug|Any CPU
		{036D805A-651A-4970-9E87-9C7614EFE67D}.Release|Any CPU.ActiveCfg = Release|Any CPU
		{036D805A-651A-4970-9E87-9C7614EFE67D}.Release|Any CPU.Build.0 = Release|Any CPU
		{226F5B4F-E7C8-471C-9F79-AB398D8490A6}.Debug|Any CPU.ActiveCfg = Debug|Any CPU
		{226F5B4F-E7C8-471C-9F79-AB398D8490A6}.Debug|Any CPU.Build.0 = Debug|Any CPU
		{226F5B4F-E7C8-471C-9F79-AB398D8490A6}.Release|Any CPU.ActiveCfg = Release|Any CPU
		{226F5B4F-E7C8-471C-9F79-AB398D8490A6}.Release|Any CPU.Build.0 = Release|Any CPU
	EndGlobalSection
	GlobalSection(SolutionProperties) = preSolution
		HideSolutionNode = FALSE
	EndGlobalSection
	GlobalSection(ExtensibilityGlobals) = postSolution
		SolutionGuid = {BF228DF2-8598-458F-A030-E4E33744D71C}
	EndGlobalSection
EndGlobal
